
Microsoft Visual Studio Solution File, Format Version 12.00
# Visual Studio 15
VisualStudioVersion = 15.0.28307.136
MinimumVisualStudioVersion = 10.0.40219.1
Project("{9A19103F-16F7-4668-BE54-9A1E7A4F7556}") = "ClassLibrary2", "ClassLibrary2\ClassLibrary2.csproj", "{F390A78B-F4FA-47D9-A083-8CC0AF1F1D5E}"
EndProject
Project("{9A19103F-16F7-4668-BE54-9A1E7A4F7556}") = "WebApplication2", "WebApplication2\WebApplication2.csproj", "{72A15F2E-52E0-4A13-979D-F6802C29F9EB}"
EndProject
Project("{FAE04EC0-301F-11D3-BF4B-00C04F79EFBC}") = "WindowsFormsApp", "WindowsFormsApp\WindowsFormsApp.csproj", "{2CAD5FD8-5E2A-49F8-A19B-9E9A23FC5611}"
EndProject
Global
	GlobalSection(SolutionConfigurationPlatforms) = preSolution
		Debug|Any CPU = Debug|Any CPU
		Release|Any CPU = Release|Any CPU
	EndGlobalSection
	GlobalSection(ProjectConfigurationPlatforms) = postSolution
		{F390A78B-F4FA-47D9-A083-8CC0AF1F1D5E}.Debug|Any CPU.ActiveCfg = Debug|Any CPU
		{F390A78B-F4FA-47D9-A083-8CC0AF1F1D5E}.Debug|Any CPU.Build.0 = Debug|Any CPU
		{F390A78B-F4FA-47D9-A083-8CC0AF1F1D5E}.Release|Any CPU.ActiveCfg = Release|Any CPU
		{F390A78B-F4FA-47D9-A083-8CC0AF1F1D5E}.Release|Any CPU.Build.0 = Release|Any CPU
		{72A15F2E-52E0-4A13-979D-F6802C29F9EB}.Debug|Any CPU.ActiveCfg = Debug|Any CPU
		{72A15F2E-52E0-4A13-979D-F6802C29F9EB}.Debug|Any CPU.Build.0 = Debug|Any CPU
		{72A15F2E-52E0-4A13-979D-F6802C29F9EB}.Release|Any CPU.ActiveCfg = Release|Any CPU
		{72A15F2E-52E0-4A13-979D-F6802C29F9EB}.Release|Any CPU.Build.0 = Release|Any CPU
		{2CAD5FD8-5E2A-49F8-A19B-9E9A23FC5611}.Debug|Any CPU.ActiveCfg = Debug|Any CPU
		{2CAD5FD8-5E2A-49F8-A19B-9E9A23FC5611}.Debug|Any CPU.Build.0 = Debug|Any CPU
		{2CAD5FD8-5E2A-49F8-A19B-9E9A23FC5611}.Release|Any CPU.ActiveCfg = Release|Any CPU
		{2CAD5FD8-5E2A-49F8-A19B-9E9A23FC5611}.Release|Any CPU.Build.0 = Release|Any CPU
	EndGlobalSection
	GlobalSection(SolutionProperties) = preSolution
		HideSolutionNode = FALSE
	EndGlobalSection
	GlobalSection(ExtensibilityGlobals) = postSolution
		SolutionGuid = {881EFB53-C1C7-4F3B-9984-DC5F8F68EFDF}
	EndGlobalSection
EndGlobal
